
Microsoft Visual Studio Solution File, Format Version 12.00
# Visual Studio Version 17
VisualStudioVersion = 17.11.35222.181
MinimumVisualStudioVersion = 10.0.40219.1
Project("{2150E333-8FDC-42A3-9474-1A3956D46DE8}") = "src", "src", "{EB6D731F-D56D-4562-8205-6ABC080ED5C7}"
EndProject
Project("{2150E333-8FDC-42A3-9474-1A3956D46DE8}") = "tests", "tests", "{7595CC01-C181-41D9-B848-D4E69B1D8C5F}"
EndProject
Project("{2150E333-8FDC-42A3-9474-1A3956D46DE8}") = "API", "API", "{ADDC15D2-3508-433E-AD3C-72DA518CBF26}"
EndProject
Project("{2150E333-8FDC-42A3-9474-1A3956D46DE8}") = "Core", "Core", "{24EC59EB-D6E4-4994-8AD9-02BC03D2BC9F}"
EndProject
Project("{2150E333-8FDC-42A3-9474-1A3956D46DE8}") = "Infrastructure", "Infrastructure", "{5A3B6BFE-D764-4557-965E-7F89B786DA76}"
EndProject
Project("{2150E333-8FDC-42A3-9474-1A3956D46DE8}") = "UI", "UI", "{D17F9DAE-2D87-43AC-A4F1-AB3D778FE840}"
EndProject
Project("{9A19103F-16F7-4668-BE54-9A1E7A4F7556}") = "HR.LeaveManagement.Domain", "HR.LeaveManagement.Domain\HR.LeaveManagement.Domain.csproj", "{1C1C1562-8DE2-4D37-97F6-A5222927509A}"
EndProject
Project("{9A19103F-16F7-4668-BE54-9A1E7A4F7556}") = "HR.LeaveManagement.Application", "HR.LeaveManagement.Application\HR.LeaveManagement.Application.csproj", "{712C8874-DAC1-4325-A43E-5F25F61DFC03}"
EndProject
Project("{9A19103F-16F7-4668-BE54-9A1E7A4F7556}") = "HR.LeaveManagement.Infrastructure", "HR.LeaveManagement.Infrastructure\HR.LeaveManagement.Infrastructure.csproj", "{65326E63-F1D7-4C0E-98BC-AF07A3820875}"
EndProject
Project("{9A19103F-16F7-4668-BE54-9A1E7A4F7556}") = "HR.LeaveManagement.Persistence", "HR.LeaveManagement.Persistence\HR.LeaveManagement.Persistence.csproj", "{E1B49F07-46E0-49C4-82A5-1763A6D7D1B0}"
EndProject
Project("{FAE04EC0-301F-11D3-BF4B-00C04F79EFBC}") = "HR.LeaveManagement.API", "HR.LeaveManagement.API\HR.LeaveManagement.API.csproj", "{C0ADE0C6-6E73-438D-9EAF-C2F467B37A56}"
EndProject
Global
	GlobalSection(SolutionConfigurationPlatforms) = preSolution
		Debug|Any CPU = Debug|Any CPU
		Release|Any CPU = Release|Any CPU
	EndGlobalSection
	GlobalSection(ProjectConfigurationPlatforms) = postSolution
		{1C1C1562-8DE2-4D37-97F6-A5222927509A}.Debug|Any CPU.ActiveCfg = Debug|Any CPU
		{1C1C1562-8DE2-4D37-97F6-A5222927509A}.Debug|Any CPU.Build.0 = Debug|Any CPU
		{1C1C1562-8DE2-4D37-97F6-A5222927509A}.Release|Any CPU.ActiveCfg = Release|Any CPU
		{1C1C1562-8DE2-4D37-97F6-A5222927509A}.Release|Any CPU.Build.0 = Release|Any CPU
		{712C8874-DAC1-4325-A43E-5F25F61DFC03}.Debug|Any CPU.ActiveCfg = Debug|Any CPU
		{712C8874-DAC1-4325-A43E-5F25F61DFC03}.Debug|Any CPU.Build.0 = Debug|Any CPU
		{712C8874-DAC1-4325-A43E-5F25F61DFC03}.Release|Any CPU.ActiveCfg = Release|Any CPU
		{712C8874-DAC1-4325-A43E-5F25F61DFC03}.Release|Any CPU.Build.0 = Release|Any CPU
		{65326E63-F1D7-4C0E-98BC-AF07A3820875}.Debug|Any CPU.ActiveCfg = Debug|Any CPU
		{65326E63-F1D7-4C0E-98BC-AF07A3820875}.Debug|Any CPU.Build.0 = Debug|Any CPU
		{65326E63-F1D7-4C0E-98BC-AF07A3820875}.Release|Any CPU.ActiveCfg = Release|Any CPU
		{65326E63-F1D7-4C0E-98BC-AF07A3820875}.Release|Any CPU.Build.0 = Release|Any CPU
		{E1B49F07-46E0-49C4-82A5-1763A6D7D1B0}.Debug|Any CPU.ActiveCfg = Debug|Any CPU
		{E1B49F07-46E0-49C4-82A5-1763A6D7D1B0}.Debug|Any CPU.Build.0 = Debug|Any CPU
		{E1B49F07-46E0-49C4-82A5-1763A6D7D1B0}.Release|Any CPU.ActiveCfg = Release|Any CPU
		{E1B49F07-46E0-49C4-82A5-1763A6D7D1B0}.Release|Any CPU.Build.0 = Release|Any CPU
		{C0ADE0C6-6E73-438D-9EAF-C2F467B37A56}.Debug|Any CPU.ActiveCfg = Debug|Any CPU
		{C0ADE0C6-6E73-438D-9EAF-C2F467B37A56}.Debug|Any CPU.Build.0 = Debug|Any CPU
		{C0ADE0C6-6E73-438D-9EAF-C2F467B37A56}.Release|Any CPU.ActiveCfg = Release|Any CPU
		{C0ADE0C6-6E73-438D-9EAF-C2F467B37A56}.Release|Any CPU.Build.0 = Release|Any CPU
	EndGlobalSection
	GlobalSection(SolutionProperties) = preSolution
		HideSolutionNode = FALSE
	EndGlobalSection
	GlobalSection(NestedProjects) = preSolution
		{ADDC15D2-3508-433E-AD3C-72DA518CBF26} = {EB6D731F-D56D-4562-8205-6ABC080ED5C7}
		{24EC59EB-D6E4-4994-8AD9-02BC03D2BC9F} = {EB6D731F-D56D-4562-8205-6ABC080ED5C7}
		{5A3B6BFE-D764-4557-965E-7F89B786DA76} = {EB6D731F-D56D-4562-8205-6ABC080ED5C7}
		{D17F9DAE-2D87-43AC-A4F1-AB3D778FE840} = {EB6D731F-D56D-4562-8205-6ABC080ED5C7}
		{1C1C1562-8DE2-4D37-97F6-A5222927509A} = {24EC59EB-D6E4-4994-8AD9-02BC03D2BC9F}
		{712C8874-DAC1-4325-A43E-5F25F61DFC03} = {24EC59EB-D6E4-4994-8AD9-02BC03D2BC9F}
		{65326E63-F1D7-4C0E-98BC-AF07A3820875} = {5A3B6BFE-D764-4557-965E-7F89B786DA76}
		{E1B49F07-46E0-49C4-82A5-1763A6D7D1B0} = {5A3B6BFE-D764-4557-965E-7F89B786DA76}
		{C0ADE0C6-6E73-438D-9EAF-C2F467B37A56} = {ADDC15D2-3508-433E-AD3C-72DA518CBF26}
	EndGlobalSection
	GlobalSection(ExtensibilityGlobals) = postSolution
		SolutionGuid = {73D46381-96CF-4F78-BE61-DA756A0E7F4C}
	EndGlobalSection
EndGlobal
